
Microsoft Visual Studio Solution File, Format Version 12.00
# Visual Studio 15
VisualStudioVersion = 15.0.27004.2008
MinimumVisualStudioVersion = 10.0.40219.1
Project("{FAE04EC0-301F-11D3-BF4B-00C04F79EFBC}") = "RestSharpExamples", "RestSharpExamples\RestSharpExamples.csproj", "{3E3C6429-2B9C-439C-990D-1E06DB9AD9CB}"
EndProject
Global
	GlobalSection(SolutionConfigurationPlatforms) = preSolution
		Debug|Any CPU = Debug|Any CPU
		Release|Any CPU = Release|Any CPU
	EndGlobalSection
	GlobalSection(ProjectConfigurationPlatforms) = postSolution
		{3E3C6429-2B9C-439C-990D-1E06DB9AD9CB}.Debug|Any CPU.ActiveCfg = Debug|Any CPU
		{3E3C6429-2B9C-439C-990D-1E06DB9AD9CB}.Debug|Any CPU.Build.0 = Debug|Any CPU
		{3E3C6429-2B9C-439C-990D-1E06DB9AD9CB}.Release|Any CPU.ActiveCfg = Release|Any CPU
		{3E3C6429-2B9C-439C-990D-1E06DB9AD9CB}.Release|Any CPU.Build.0 = Release|Any CPU
	EndGlobalSection
	GlobalSection(SolutionProperties) = preSolution
		HideSolutionNode = FALSE
	EndGlobalSection
	GlobalSection(ExtensibilityGlobals) = postSolution
		SolutionGuid = {9AB7E813-70C2-4722-A8B6-4003EBE18BF6}
	EndGlobalSection
EndGlobal
